# THIS IS AN AUTOGENERATED FILE. DO NOT EDIT THIS FILE DIRECTLY.
# yarn lockfile v1


bootstrap@^4.1.0:
  version "4.3.1"
  resolved "https://registry.yarnpkg.com/bootstrap/-/bootstrap-4.3.1.tgz#280ca8f610504d99d7b6b4bfc4b68cec601704ac"
  integrity sha512-rXqOmH1VilAt2DyPzluTi2blhk17bO7ef+zLLPlWvG494pDxcM234pJ8wTc/6R40UWizAIIMgxjvxZg5kmsbag==

buefy@^0.4.6:
  version "0.4.6"
  resolved "https://registry.yarnpkg.com/buefy/-/buefy-0.4.6.tgz#c0ee584b1ada78f09684529e7758fcaa9acf1fe1"
  integrity sha512-JRqLWerF4eIGSQMqRwt0ezLhrnEltbMvco547AHPTsZK6TbLTR7uTsZIk7lTF15MVw8M4UhdjJh/uUhF2g4eQw==
  dependencies:
    bulma "^0.4.4"
    vue "^2.4.1"

bulma@^0.4.4:
  version "0.4.4"
  resolved "https://registry.yarnpkg.com/bulma/-/bulma-0.4.4.tgz#182a3d9fb15026b4602aa8da3cf42140bfb9bb2c"
  integrity sha1-GCo9n7FQJrRgKqjaPPQhQL+5uyw=

vue@^2.4.1, vue@^2.5.17:
  version "2.6.10"
  resolved "https://registry.yarnpkg.com/vue/-/vue-2.6.10.tgz#a72b1a42a4d82a721ea438d1b6bf55e66195c637"
  integrity sha512-ImThpeNU9HbdZL3utgMCq0oiMzAkt1mcgy3/E6zWC/G6AaQoeuFdsl9nDhTDU3X1R6FK7nsIUuRACVcjI+A2GQ==
